
Microsoft Visual Studio Solution File, Format Version 12.00
# Visual Studio Version 16
VisualStudioVersion = 16.0.30413.136
MinimumVisualStudioVersion = 10.0.40219.1
Project("{9A19103F-16F7-4668-BE54-9A1E7A4F7556}") = "CustomChatApplication", "chatApp\CustomChatApplication.csproj", "{C902DE99-869B-48C5-BB8A-5372ACF336D6}"
EndProject
Global
	GlobalSection(SolutionConfigurationPlatforms) = preSolution
		Debug|Any CPU = Debug|Any CPU
		Release|Any CPU = Release|Any CPU
	EndGlobalSection
	GlobalSection(ProjectConfigurationPlatforms) = postSolution
		{C902DE99-869B-48C5-BB8A-5372ACF336D6}.Debug|Any CPU.ActiveCfg = Debug|Any CPU
		{C902DE99-869B-48C5-BB8A-5372ACF336D6}.Debug|Any CPU.Build.0 = Debug|Any CPU
		{C902DE99-869B-48C5-BB8A-5372ACF336D6}.Release|Any CPU.ActiveCfg = Release|Any CPU
		{C902DE99-869B-48C5-BB8A-5372ACF336D6}.Release|Any CPU.Build.0 = Release|Any CPU
	EndGlobalSection
	GlobalSection(SolutionProperties) = preSolution
		HideSolutionNode = FALSE
	EndGlobalSection
	GlobalSection(ExtensibilityGlobals) = postSolution
		SolutionGuid = {0754B7CA-616C-441D-B010-7B82CB0066B8}
	EndGlobalSection
EndGlobal
